
Microsoft Visual Studio Solution File, Format Version 12.00
# Visual Studio Version 17
VisualStudioVersion = 17.8.34309.116
MinimumVisualStudioVersion = 10.0.40219.1
Project("{FAE04EC0-301F-11D3-BF4B-00C04F79EFBC}") = "QN12", "QN12\QN12.csproj", "{EBABE860-4890-4311-B206-7985D65A1121}"
EndProject
Global
	GlobalSection(SolutionConfigurationPlatforms) = preSolution
		Debug|Any CPU = Debug|Any CPU
		Release|Any CPU = Release|Any CPU
	EndGlobalSection
	GlobalSection(ProjectConfigurationPlatforms) = postSolution
		{EBABE860-4890-4311-B206-7985D65A1121}.Debug|Any CPU.ActiveCfg = Debug|Any CPU
		{EBABE860-4890-4311-B206-7985D65A1121}.Debug|Any CPU.Build.0 = Debug|Any CPU
		{EBABE860-4890-4311-B206-7985D65A1121}.Release|Any CPU.ActiveCfg = Release|Any CPU
		{EBABE860-4890-4311-B206-7985D65A1121}.Release|Any CPU.Build.0 = Release|Any CPU
	EndGlobalSection
	GlobalSection(SolutionProperties) = preSolution
		HideSolutionNode = FALSE
	EndGlobalSection
	GlobalSection(ExtensibilityGlobals) = postSolution
		SolutionGuid = {F026E97C-EC0F-491B-9526-5E83AF973EAF}
	EndGlobalSection
EndGlobal
